
Microsoft Visual Studio Solution File, Format Version 12.00
# Visual Studio Version 16
VisualStudioVersion = 16.0.30011.22
MinimumVisualStudioVersion = 10.0.40219.1
Project("{2150E333-8FDC-42A3-9474-1A3956D46DE8}") = "1 - Application", "1 - Application", "{D03246F3-55EC-4FCD-AB1F-E710B79B5621}"
EndProject
Project("{2150E333-8FDC-42A3-9474-1A3956D46DE8}") = "2 - Domain", "2 - Domain", "{AAA741CF-4367-4863-A489-43F04BC3D914}"
EndProject
Project("{2150E333-8FDC-42A3-9474-1A3956D46DE8}") = "3 - Service", "3 - Service", "{DFF9DB32-EF16-46FB-8EC7-5536BE232207}"
EndProject
Project("{2150E333-8FDC-42A3-9474-1A3956D46DE8}") = "4 - Infra", "4 - Infra", "{223C1722-F4D7-45C0-9981-C65BFA12712A}"
EndProject
Project("{2150E333-8FDC-42A3-9474-1A3956D46DE8}") = "4.1 - Data", "4.1 - Data", "{F0C1F022-EE91-47A0-B76E-D157ED3D292E}"
EndProject
Project("{9A19103F-16F7-4668-BE54-9A1E7A4F7556}") = "ModelAPI.API", "ModelAPI.API\ModelAPI.API.csproj", "{1526E63D-0B88-43CA-9A96-D2C3731B2137}"
EndProject
Project("{9A19103F-16F7-4668-BE54-9A1E7A4F7556}") = "ModelAPI.Domain", "ModelAPI.Domain\ModelAPI.Domain.csproj", "{737F2967-FD3C-49EC-BBF8-64B76CA60C6C}"
EndProject
Project("{9A19103F-16F7-4668-BE54-9A1E7A4F7556}") = "ModelAPI.Service", "ModelAPI.Service\ModelAPI.Service.csproj", "{21E0B7B1-0315-45A1-9EEA-F6E70F0A5DDB}"
EndProject
Project("{9A19103F-16F7-4668-BE54-9A1E7A4F7556}") = "ModelAPI.Infra.Data", "ModelAPI.Infra.Data\ModelAPI.Infra.Data.csproj", "{B0EBD9E7-BB24-4669-85FF-06F7729E089F}"
EndProject
Global
	GlobalSection(SolutionConfigurationPlatforms) = preSolution
		Debug|Any CPU = Debug|Any CPU
		Release|Any CPU = Release|Any CPU
	EndGlobalSection
	GlobalSection(ProjectConfigurationPlatforms) = postSolution
		{1526E63D-0B88-43CA-9A96-D2C3731B2137}.Debug|Any CPU.ActiveCfg = Debug|Any CPU
		{1526E63D-0B88-43CA-9A96-D2C3731B2137}.Debug|Any CPU.Build.0 = Debug|Any CPU
		{1526E63D-0B88-43CA-9A96-D2C3731B2137}.Release|Any CPU.ActiveCfg = Release|Any CPU
		{1526E63D-0B88-43CA-9A96-D2C3731B2137}.Release|Any CPU.Build.0 = Release|Any CPU
		{737F2967-FD3C-49EC-BBF8-64B76CA60C6C}.Debug|Any CPU.ActiveCfg = Debug|Any CPU
		{737F2967-FD3C-49EC-BBF8-64B76CA60C6C}.Debug|Any CPU.Build.0 = Debug|Any CPU
		{737F2967-FD3C-49EC-BBF8-64B76CA60C6C}.Release|Any CPU.ActiveCfg = Release|Any CPU
		{737F2967-FD3C-49EC-BBF8-64B76CA60C6C}.Release|Any CPU.Build.0 = Release|Any CPU
		{21E0B7B1-0315-45A1-9EEA-F6E70F0A5DDB}.Debug|Any CPU.ActiveCfg = Debug|Any CPU
		{21E0B7B1-0315-45A1-9EEA-F6E70F0A5DDB}.Debug|Any CPU.Build.0 = Debug|Any CPU
		{21E0B7B1-0315-45A1-9EEA-F6E70F0A5DDB}.Release|Any CPU.ActiveCfg = Release|Any CPU
		{21E0B7B1-0315-45A1-9EEA-F6E70F0A5DDB}.Release|Any CPU.Build.0 = Release|Any CPU
		{B0EBD9E7-BB24-4669-85FF-06F7729E089F}.Debug|Any CPU.ActiveCfg = Debug|Any CPU
		{B0EBD9E7-BB24-4669-85FF-06F7729E089F}.Debug|Any CPU.Build.0 = Debug|Any CPU
		{B0EBD9E7-BB24-4669-85FF-06F7729E089F}.Release|Any CPU.ActiveCfg = Release|Any CPU
		{B0EBD9E7-BB24-4669-85FF-06F7729E089F}.Release|Any CPU.Build.0 = Release|Any CPU
	EndGlobalSection
	GlobalSection(SolutionProperties) = preSolution
		HideSolutionNode = FALSE
	EndGlobalSection
	GlobalSection(NestedProjects) = preSolution
		{F0C1F022-EE91-47A0-B76E-D157ED3D292E} = {223C1722-F4D7-45C0-9981-C65BFA12712A}
		{1526E63D-0B88-43CA-9A96-D2C3731B2137} = {D03246F3-55EC-4FCD-AB1F-E710B79B5621}
		{737F2967-FD3C-49EC-BBF8-64B76CA60C6C} = {AAA741CF-4367-4863-A489-43F04BC3D914}
		{21E0B7B1-0315-45A1-9EEA-F6E70F0A5DDB} = {DFF9DB32-EF16-46FB-8EC7-5536BE232207}
		{B0EBD9E7-BB24-4669-85FF-06F7729E089F} = {F0C1F022-EE91-47A0-B76E-D157ED3D292E}
	EndGlobalSection
	GlobalSection(ExtensibilityGlobals) = postSolution
		SolutionGuid = {8BF84464-988C-43F8-BDEA-52DE75B86901}
	EndGlobalSection
EndGlobal
